{
  "version": 4,
  "terraform_version": "0.12.25",
  "serial": 32,
  "lineage": "e70cdecd-57da-87c8-fcfb-35b6a801fec1",
  "outputs": {
    "instance_ips": {
      "value": [
        [
          {
            "arn": "arn:aws:autoscaling:us-west-2:123871167802:autoScalingGroup:99fd6a37-6f93-4cf2-84cb-e02743429e26:autoScalingGroupName/basic_autoscaling",
            "availability_zones": [
              "us-west-2b"
            ],
            "default_cooldown": 300,
            "desired_capacity": 1,
            "enabled_metrics": [],
            "force_delete": true,
            "health_check_grace_period": 300,
            "health_check_type": "EC2",
            "id": "basic_autoscaling",
            "initial_lifecycle_hook": [],
            "launch_configuration": "basic_launchconfig20200525001757154500000001",
            "launch_template": [],
            "load_balancers": [],
            "max_instance_lifetime": 0,
            "max_size": 2,
            "metrics_granularity": "1Minute",
            "min_elb_capacity": null,
            "min_size": 1,
            "mixed_instances_policy": [],
            "name": "basic_autoscaling",
            "name_prefix": null,
            "placement_group": "",
            "protect_from_scale_in": false,
            "service_linked_role_arn": "arn:aws:iam::123871167802:role/aws-service-role/autoscaling.amazonaws.com/AWSServiceRoleForAutoScaling",
            "suspended_processes": [],
            "tag": [
              {
                "key": "Name",
                "propagate_at_launch": true,
                "value": "ec2 instance"
              }
            ],
            "tags": null,
            "target_group_arns": [],
            "termination_policies": [],
            "timeouts": null,
            "vpc_zone_identifier": [
              "subnet-041f3665ee6d338fd",
              "subnet-0c14c226d9ad99cd5"
            ],
            "wait_for_capacity_timeout": "10m",
            "wait_for_elb_capacity": null
          }
        ]
      ],
      "type": [
        "tuple",
        [
          [
            "tuple",
            [
              [
                "object",
                {
                  "arn": "string",
                  "availability_zones": [
                    "set",
                    "string"
                  ],
                  "default_cooldown": "number",
                  "desired_capacity": "number",
                  "enabled_metrics": [
                    "set",
                    "string"
                  ],
                  "force_delete": "bool",
                  "health_check_grace_period": "number",
                  "health_check_type": "string",
                  "id": "string",
                  "initial_lifecycle_hook": [
                    "set",
                    [
                      "object",
                      {
                        "default_result": "string",
                        "heartbeat_timeout": "number",
                        "lifecycle_transition": "string",
                        "name": "string",
                        "notification_metadata": "string",
                        "notification_target_arn": "string",
                        "role_arn": "string"
                      }
                    ]
                  ],
                  "launch_configuration": "string",
                  "launch_template": [
                    "list",
                    [
                      "object",
                      {
                        "id": "string",
                        "name": "string",
                        "version": "string"
                      }
                    ]
                  ],
                  "load_balancers": [
                    "set",
                    "string"
                  ],
                  "max_instance_lifetime": "number",
                  "max_size": "number",
                  "metrics_granularity": "string",
                  "min_elb_capacity": "number",
                  "min_size": "number",
                  "mixed_instances_policy": [
                    "list",
                    [
                      "object",
                      {
                        "instances_distribution": [
                          "list",
                          [
                            "object",
                            {
                              "on_demand_allocation_strategy": "string",
                              "on_demand_base_capacity": "number",
                              "on_demand_percentage_above_base_capacity": "number",
                              "spot_allocation_strategy": "string",
                              "spot_instance_pools": "number",
                              "spot_max_price": "string"
                            }
                          ]
                        ],
                        "launch_template": [
                          "list",
                          [
                            "object",
                            {
                              "launch_template_specification": [
                                "list",
                                [
                                  "object",
                                  {
                                    "launch_template_id": "string",
                                    "launch_template_name": "string",
                                    "version": "string"
                                  }
                                ]
                              ],
                              "override": [
                                "list",
                                [
                                  "object",
                                  {
                                    "instance_type": "string",
                                    "weighted_capacity": "string"
                                  }
                                ]
                              ]
                            }
                          ]
                        ]
                      }
                    ]
                  ],
                  "name": "string",
                  "name_prefix": "string",
                  "placement_group": "string",
                  "protect_from_scale_in": "bool",
                  "service_linked_role_arn": "string",
                  "suspended_processes": [
                    "set",
                    "string"
                  ],
                  "tag": [
                    "set",
                    [
                      "object",
                      {
                        "key": "string",
                        "propagate_at_launch": "bool",
                        "value": "string"
                      }
                    ]
                  ],
                  "tags": [
                    "list",
                    [
                      "map",
                      "string"
                    ]
                  ],
                  "target_group_arns": [
                    "set",
                    "string"
                  ],
                  "termination_policies": [
                    "list",
                    "string"
                  ],
                  "timeouts": [
                    "object",
                    {
                      "delete": "string"
                    }
                  ],
                  "vpc_zone_identifier": [
                    "set",
                    "string"
                  ],
                  "wait_for_capacity_timeout": "string",
                  "wait_for_elb_capacity": "number"
                }
              ]
            ]
          ]
        ]
      ]
    }
  },
  "resources": [
    {
      "mode": "managed",
      "type": "aws_autoscaling_group",
      "name": "basic-autoscaling",
      "provider": "provider.aws",
      "instances": [
        {
          "schema_version": 0,
          "attributes": {
            "arn": "arn:aws:autoscaling:us-west-2:123871167802:autoScalingGroup:99fd6a37-6f93-4cf2-84cb-e02743429e26:autoScalingGroupName/basic_autoscaling",
            "availability_zones": [
              "us-west-2b"
            ],
            "default_cooldown": 300,
            "desired_capacity": 1,
            "enabled_metrics": [],
            "force_delete": true,
            "health_check_grace_period": 300,
            "health_check_type": "EC2",
            "id": "basic_autoscaling",
            "initial_lifecycle_hook": [],
            "launch_configuration": "basic_launchconfig20200525001757154500000001",
            "launch_template": [],
            "load_balancers": [],
            "max_instance_lifetime": 0,
            "max_size": 2,
            "metrics_granularity": "1Minute",
            "min_elb_capacity": null,
            "min_size": 1,
            "mixed_instances_policy": [],
            "name": "basic_autoscaling",
            "name_prefix": null,
            "placement_group": "",
            "protect_from_scale_in": false,
            "service_linked_role_arn": "arn:aws:iam::123871167802:role/aws-service-role/autoscaling.amazonaws.com/AWSServiceRoleForAutoScaling",
            "suspended_processes": [],
            "tag": [
              {
                "key": "Name",
                "propagate_at_launch": true,
                "value": "ec2 instance"
              }
            ],
            "tags": null,
            "target_group_arns": [],
            "termination_policies": [],
            "timeouts": null,
            "vpc_zone_identifier": [
              "subnet-041f3665ee6d338fd",
              "subnet-0c14c226d9ad99cd5"
            ],
            "wait_for_capacity_timeout": "10m",
            "wait_for_elb_capacity": null
          },
          "private": "eyJlMmJmYjczMC1lY2FhLTExZTYtOGY4OC0zNDM2M2JjN2M0YzAiOnsiZGVsZXRlIjo2MDAwMDAwMDAwMDB9fQ==",
          "dependencies": [
            "aws_launch_configuration.basic_launchconfig",
            "aws_subnet.main-public-1",
            "aws_subnet.main-public-2"
          ]
        }
      ]
    },
    {
      "mode": "managed",
      "type": "aws_autoscaling_notification",
      "name": "basic-notify",
      "provider": "provider.aws",
      "instances": [
        {
          "schema_version": 0,
          "attributes": {
            "group_names": [
              "basic_autoscaling"
            ],
            "id": "arn:aws:sns:us-west-2:123871167802:sg-cpu-sns",
            "notifications": [
              "autoscaling:EC2_INSTANCE_LAUNCH",
              "autoscaling:EC2_INSTANCE_LAUNCH_ERROR",
              "autoscaling:EC2_INSTANCE_TERMINATE",
              "autoscaling:EC2_INSTANCE_TERMINATE_ERROR"
            ],
            "topic_arn": "arn:aws:sns:us-west-2:123871167802:sg-cpu-sns"
          },
          "private": "bnVsbA==",
          "dependencies": [
            "aws_autoscaling_group.basic-autoscaling",
            "aws_sns_topic.basic-cpu-sns"
          ]
        }
      ]
    },
    {
      "mode": "managed",
      "type": "aws_autoscaling_policy",
      "name": "basic-cpu-policy",
      "provider": "provider.aws",
      "instances": [
        {
          "schema_version": 0,
          "attributes": {
            "adjustment_type": "ChangeInCapacity",
            "arn": "arn:aws:autoscaling:us-west-2:123871167802:scalingPolicy:29b25392-c8b2-407f-81b4-470b20433b1c:autoScalingGroupName/basic_autoscaling:policyName/basic-cpu-policy",
            "autoscaling_group_name": "basic_autoscaling",
            "cooldown": 300,
            "estimated_instance_warmup": 0,
            "id": "basic-cpu-policy",
            "metric_aggregation_type": "",
            "min_adjustment_magnitude": null,
            "min_adjustment_step": null,
            "name": "basic-cpu-policy",
            "policy_type": "SimpleScaling",
            "scaling_adjustment": 1,
            "step_adjustment": [],
            "target_tracking_configuration": []
          },
          "private": "bnVsbA==",
          "dependencies": [
            "aws_autoscaling_group.basic-autoscaling",
            "aws_launch_configuration.basic_launchconfig",
            "aws_subnet.main-public-1",
            "aws_subnet.main-public-2"
          ]
        }
      ]
    },
    {
      "mode": "managed",
      "type": "aws_autoscaling_policy",
      "name": "basic-cpu-policy-scaledown",
      "provider": "provider.aws",
      "instances": [
        {
          "schema_version": 0,
          "attributes": {
            "adjustment_type": "ChangeInCapacity",
            "arn": "arn:aws:autoscaling:us-west-2:123871167802:scalingPolicy:17865119-f19a-4616-b04f-2ebce84fbc29:autoScalingGroupName/basic_autoscaling:policyName/basic-cpu-policy-scaledown",
            "autoscaling_group_name": "basic_autoscaling",
            "cooldown": 300,
            "estimated_instance_warmup": 0,
            "id": "basic-cpu-policy-scaledown",
            "metric_aggregation_type": "",
            "min_adjustment_magnitude": null,
            "min_adjustment_step": null,
            "name": "basic-cpu-policy-scaledown",
            "policy_type": "SimpleScaling",
            "scaling_adjustment": -1,
            "step_adjustment": [],
            "target_tracking_configuration": []
          },
          "private": "bnVsbA==",
          "dependencies": [
            "aws_autoscaling_group.basic-autoscaling",
            "aws_launch_configuration.basic_launchconfig",
            "aws_subnet.main-public-1",
            "aws_subnet.main-public-2"
          ]
        }
      ]
    },
    {
      "mode": "managed",
      "type": "aws_cloudwatch_metric_alarm",
      "name": "basic-cpu-alarm",
      "provider": "provider.aws",
      "instances": [
        {
          "schema_version": 1,
          "attributes": {
            "actions_enabled": true,
            "alarm_actions": [
              "arn:aws:autoscaling:us-west-2:123871167802:scalingPolicy:29b25392-c8b2-407f-81b4-470b20433b1c:autoScalingGroupName/basic_autoscaling:policyName/basic-cpu-policy"
            ],
            "alarm_description": "basic-cpu-alarm",
            "alarm_name": "basic-cpu-alarm",
            "arn": "arn:aws:cloudwatch:us-west-2:123871167802:alarm:basic-cpu-alarm",
            "comparison_operator": "GreaterThanOrEqualToThreshold",
            "datapoints_to_alarm": 0,
            "dimensions": {
              "AutoScalingGroupName": "basic_autoscaling"
            },
            "evaluate_low_sample_count_percentiles": "",
            "evaluation_periods": 2,
            "extended_statistic": "",
            "id": "basic-cpu-alarm",
            "insufficient_data_actions": [],
            "metric_name": "CPUUtilization",
            "metric_query": [],
            "namespace": "AWS/EC2",
            "ok_actions": [],
            "period": 120,
            "statistic": "Average",
            "tags": {},
            "threshold": 30,
            "threshold_metric_id": "",
            "treat_missing_data": "missing",
            "unit": ""
          },
          "private": "eyJzY2hlbWFfdmVyc2lvbiI6IjEifQ==",
          "dependencies": [
            "aws_autoscaling_group.basic-autoscaling",
            "aws_autoscaling_policy.basic-cpu-policy",
            "aws_launch_configuration.basic_launchconfig",
            "aws_subnet.main-public-1",
            "aws_subnet.main-public-2"
          ]
        }
      ]
    },
    {
      "mode": "managed",
      "type": "aws_internet_gateway",
      "name": "main-gw",
      "provider": "provider.aws",
      "instances": [
        {
          "schema_version": 0,
          "attributes": {
            "id": "igw-031aa5d94febad76c",
            "owner_id": "123871167802",
            "tags": {
              "Name": "main"
            },
            "vpc_id": "vpc-001f98a28f16d14db"
          },
          "private": "bnVsbA==",
          "dependencies": [
            "aws_vpc.GamingServerVPC"
          ]
        }
      ]
    },
    {
      "mode": "managed",
      "type": "aws_key_pair",
      "name": "GamingServerKeyPair",
      "provider": "provider.aws",
      "instances": [
        {
          "schema_version": 1,
          "attributes": {
            "fingerprint": "61:1b:38:63:a5:5e:e3:af:9a:3e:10:b5:c3:0b:fb:69",
            "id": "GamingServerKeyPair",
            "key_name": "GamingServerKeyPair",
            "key_name_prefix": null,
            "key_pair_id": "key-0ce859c9a7f9fec41",
            "public_key": "ssh-rsa AAAAB3NzaC1yc2EAAAADAQABAAABgQDvlSO7jcfklA8KPOpW6WfRgxMTTOf3Yslu+5s7iT7FtEA+jYH//ilbCZcXgijqsTj4EKMMpuPQQAaRX34ZwyqBkgOtN3u3AoONgf9lHRjg4y+2OBt5EE+kf+JZa7b2Y+m9hckRye1vqiFJUK4JnBEGsmK7oG6eRBRC9QEMz9XOJnxLI7R2Uw1yez8jcbWbYej9q09V+ziExf18xpIP2iRPctTMF0V+MJFXkO4An50kSQfcfPxUZvqs1idezao4EloHSM94KsgpkSmNHFuWfGXRHQa9GIWjf1K/gBvTVSMHGF+plcN84g5aY/7dWi6SMROnr9O9wfYs6SZmSHDyyp49eBFFNvn9Sa6GTce4ZG0PkT1e/4VIQmRIxq5PALpBlclMQxeu8u18u6FlE/pIwxevJbQ+UD117M3hKFRFJK7t8wcxfyTAOR4EYWKDsYVi3LJGoqTnFkLD4R8/jtgVdXG5uKuXJzC8nvBX5Sq1jj8HWhz+qrGGqxnoImWN9apKGSc= gurry@centos8-1",
            "tags": {}
          },
          "private": "eyJzY2hlbWFfdmVyc2lvbiI6IjEifQ=="
        }
      ]
    },
    {
      "mode": "managed",
      "type": "aws_launch_configuration",
      "name": "basic_launchconfig",
      "provider": "provider.aws",
      "instances": [
        {
          "schema_version": 0,
          "attributes": {
            "arn": "arn:aws:autoscaling:us-west-2:123871167802:launchConfiguration:a5c4ffba-091f-4314-ae59-19dc19c742ff:launchConfigurationName/basic_launchconfig20200525001757154500000001",
            "associate_public_ip_address": false,
            "ebs_block_device": [],
            "ebs_optimized": false,
            "enable_monitoring": true,
            "ephemeral_block_device": [],
            "iam_instance_profile": "",
            "id": "basic_launchconfig20200525001757154500000001",
            "image_id": "ami-06ffade19910cbfc0",
            "instance_type": "t2.micro",
            "key_name": "GamingServerKeyPair",
            "name": "basic_launchconfig20200525001757154500000001",
            "name_prefix": "basic_launchconfig",
            "placement_tenancy": null,
            "root_block_device": [],
            "security_groups": [
              "sg-0fb82b305760f9dac"
            ],
            "spot_price": "",
            "user_data": null,
            "user_data_base64": null,
            "vpc_classic_link_id": "",
            "vpc_classic_link_security_groups": []
          },
          "private": "bnVsbA==",
          "dependencies": [
            "aws_key_pair.GamingServerKeyPair",
            "aws_security_group.allow-ssh",
            "aws_vpc.GamingServerVPC"
          ]
        }
      ]
    },
    {
      "mode": "managed",
      "type": "aws_route_table",
      "name": "main-public",
      "provider": "provider.aws",
      "instances": [
        {
          "schema_version": 0,
          "attributes": {
            "id": "rtb-01662e65b106d853e",
            "owner_id": "123871167802",
            "propagating_vgws": [],
            "route": [
              {
                "cidr_block": "0.0.0.0/0",
                "egress_only_gateway_id": "",
                "gateway_id": "igw-031aa5d94febad76c",
                "instance_id": "",
                "ipv6_cidr_block": "",
                "nat_gateway_id": "",
                "network_interface_id": "",
                "transit_gateway_id": "",
                "vpc_peering_connection_id": ""
              }
            ],
            "tags": {
              "Name": "main-public-1"
            },
            "vpc_id": "vpc-001f98a28f16d14db"
          },
          "private": "bnVsbA==",
          "dependencies": [
            "aws_internet_gateway.main-gw",
            "aws_vpc.GamingServerVPC"
          ]
        }
      ]
    },
    {
      "mode": "managed",
      "type": "aws_route_table_association",
      "name": "main-public-1-a",
      "provider": "provider.aws",
      "instances": [
        {
          "schema_version": 0,
          "attributes": {
            "gateway_id": null,
            "id": "rtbassoc-0c5dda237ae5963ac",
            "route_table_id": "rtb-01662e65b106d853e",
            "subnet_id": "subnet-0c14c226d9ad99cd5"
          },
          "private": "bnVsbA==",
          "dependencies": [
            "aws_internet_gateway.main-gw",
            "aws_route_table.main-public",
            "aws_subnet.main-public-1",
            "aws_vpc.GamingServerVPC"
          ]
        }
      ]
    },
    {
      "mode": "managed",
      "type": "aws_route_table_association",
      "name": "main-public-2-a",
      "provider": "provider.aws",
      "instances": [
        {
          "schema_version": 0,
          "attributes": {
            "gateway_id": null,
            "id": "rtbassoc-0542e5390e5d30a4f",
            "route_table_id": "rtb-01662e65b106d853e",
            "subnet_id": "subnet-041f3665ee6d338fd"
          },
          "private": "bnVsbA==",
          "dependencies": [
            "aws_internet_gateway.main-gw",
            "aws_route_table.main-public",
            "aws_subnet.main-public-2",
            "aws_vpc.GamingServerVPC"
          ]
        }
      ]
    },
    {
      "mode": "managed",
      "type": "aws_route_table_association",
      "name": "main-public-3-a",
      "provider": "provider.aws",
      "instances": [
        {
          "schema_version": 0,
          "attributes": {
            "gateway_id": null,
            "id": "rtbassoc-05d2c3b30fa9a650a",
            "route_table_id": "rtb-01662e65b106d853e",
            "subnet_id": "subnet-07d1fc30d4ed1ebd3"
          },
          "private": "bnVsbA==",
          "dependencies": [
            "aws_internet_gateway.main-gw",
            "aws_route_table.main-public",
            "aws_subnet.main-public-3",
            "aws_vpc.GamingServerVPC"
          ]
        }
      ]
    },
    {
      "mode": "managed",
      "type": "aws_security_group",
      "name": "allow-ssh",
      "provider": "provider.aws",
      "instances": [
        {
          "schema_version": 1,
          "attributes": {
            "arn": "arn:aws:ec2:us-west-2:123871167802:security-group/sg-0fb82b305760f9dac",
            "description": "This security group allows ssh and all egress traffic",
            "egress": [
              {
                "cidr_blocks": [
                  "0.0.0.0/0"
                ],
                "description": "",
                "from_port": 0,
                "ipv6_cidr_blocks": [],
                "prefix_list_ids": [],
                "protocol": "-1",
                "security_groups": [],
                "self": false,
                "to_port": 0
              }
            ],
            "id": "sg-0fb82b305760f9dac",
            "ingress": [
              {
                "cidr_blocks": [
                  "0.0.0.0/0"
                ],
                "description": "",
                "from_port": 22,
                "ipv6_cidr_blocks": [],
                "prefix_list_ids": [],
                "protocol": "tcp",
                "security_groups": [],
                "self": false,
                "to_port": 22
              }
            ],
            "name": "allow-ssh",
            "name_prefix": null,
            "owner_id": "123871167802",
            "revoke_rules_on_delete": false,
            "tags": {
              "Name": "allow-ssh"
            },
            "timeouts": null,
            "vpc_id": "vpc-001f98a28f16d14db"
          },
          "private": "eyJlMmJmYjczMC1lY2FhLTExZTYtOGY4OC0zNDM2M2JjN2M0YzAiOnsiY3JlYXRlIjo2MDAwMDAwMDAwMDAsImRlbGV0ZSI6NjAwMDAwMDAwMDAwfSwic2NoZW1hX3ZlcnNpb24iOiIxIn0=",
          "dependencies": [
            "aws_vpc.GamingServerVPC"
          ]
        }
      ]
    },
    {
      "mode": "managed",
      "type": "aws_sns_topic",
      "name": "basic-cpu-sns",
      "provider": "provider.aws",
      "instances": [
        {
          "schema_version": 0,
          "attributes": {
            "application_failure_feedback_role_arn": "",
            "application_success_feedback_role_arn": "",
            "application_success_feedback_sample_rate": 0,
            "arn": "arn:aws:sns:us-west-2:123871167802:sg-cpu-sns",
            "delivery_policy": "",
            "display_name": "basic ASG SNS topic",
            "http_failure_feedback_role_arn": "",
            "http_success_feedback_role_arn": "",
            "http_success_feedback_sample_rate": 0,
            "id": "arn:aws:sns:us-west-2:123871167802:sg-cpu-sns",
            "kms_master_key_id": "",
            "lambda_failure_feedback_role_arn": "",
            "lambda_success_feedback_role_arn": "",
            "lambda_success_feedback_sample_rate": 0,
            "name": "sg-cpu-sns",
            "name_prefix": null,
            "policy": "{\"Version\":\"2008-10-17\",\"Id\":\"__default_policy_ID\",\"Statement\":[{\"Sid\":\"__default_statement_ID\",\"Effect\":\"Allow\",\"Principal\":{\"AWS\":\"*\"},\"Action\":[\"SNS:GetTopicAttributes\",\"SNS:SetTopicAttributes\",\"SNS:AddPermission\",\"SNS:RemovePermission\",\"SNS:DeleteTopic\",\"SNS:Subscribe\",\"SNS:ListSubscriptionsByTopic\",\"SNS:Publish\",\"SNS:Receive\"],\"Resource\":\"arn:aws:sns:us-west-2:123871167802:sg-cpu-sns\",\"Condition\":{\"StringEquals\":{\"AWS:SourceOwner\":\"123871167802\"}}}]}",
            "sqs_failure_feedback_role_arn": "",
            "sqs_success_feedback_role_arn": "",
            "sqs_success_feedback_sample_rate": 0,
            "tags": {}
          },
          "private": "bnVsbA=="
        }
      ]
    },
    {
      "mode": "managed",
      "type": "aws_subnet",
      "name": "main-private-1",
      "provider": "provider.aws",
      "instances": [
        {
          "schema_version": 1,
          "attributes": {
            "arn": "arn:aws:ec2:us-west-2:123871167802:subnet/subnet-0d4cbb8b4c0a956f4",
            "assign_ipv6_address_on_creation": false,
            "availability_zone": "us-west-2b",
            "availability_zone_id": "usw2-az1",
            "cidr_block": "10.0.4.0/24",
            "id": "subnet-0d4cbb8b4c0a956f4",
            "ipv6_cidr_block": "",
            "ipv6_cidr_block_association_id": "",
            "map_public_ip_on_launch": false,
            "outpost_arn": "",
            "owner_id": "123871167802",
            "tags": {
              "Name": "main-private-1"
            },
            "timeouts": null,
            "vpc_id": "vpc-001f98a28f16d14db"
          },
          "private": "eyJlMmJmYjczMC1lY2FhLTExZTYtOGY4OC0zNDM2M2JjN2M0YzAiOnsiY3JlYXRlIjo2MDAwMDAwMDAwMDAsImRlbGV0ZSI6MTIwMDAwMDAwMDAwMH0sInNjaGVtYV92ZXJzaW9uIjoiMSJ9",
          "dependencies": [
            "aws_vpc.GamingServerVPC"
          ]
        }
      ]
    },
    {
      "mode": "managed",
      "type": "aws_subnet",
      "name": "main-private-2",
      "provider": "provider.aws",
      "instances": [
        {
          "schema_version": 1,
          "attributes": {
            "arn": "arn:aws:ec2:us-west-2:123871167802:subnet/subnet-0f362d4fd3a30f327",
            "assign_ipv6_address_on_creation": false,
            "availability_zone": "us-west-2b",
            "availability_zone_id": "usw2-az1",
            "cidr_block": "10.0.5.0/24",
            "id": "subnet-0f362d4fd3a30f327",
            "ipv6_cidr_block": "",
            "ipv6_cidr_block_association_id": "",
            "map_public_ip_on_launch": false,
            "outpost_arn": "",
            "owner_id": "123871167802",
            "tags": {
              "Name": "main-private-2"
            },
            "timeouts": null,
            "vpc_id": "vpc-001f98a28f16d14db"
          },
          "private": "eyJlMmJmYjczMC1lY2FhLTExZTYtOGY4OC0zNDM2M2JjN2M0YzAiOnsiY3JlYXRlIjo2MDAwMDAwMDAwMDAsImRlbGV0ZSI6MTIwMDAwMDAwMDAwMH0sInNjaGVtYV92ZXJzaW9uIjoiMSJ9",
          "dependencies": [
            "aws_vpc.GamingServerVPC"
          ]
        }
      ]
    },
    {
      "mode": "managed",
      "type": "aws_subnet",
      "name": "main-private-3",
      "provider": "provider.aws",
      "instances": [
        {
          "schema_version": 1,
          "attributes": {
            "arn": "arn:aws:ec2:us-west-2:123871167802:subnet/subnet-0170b6082ad771e43",
            "assign_ipv6_address_on_creation": false,
            "availability_zone": "us-west-2b",
            "availability_zone_id": "usw2-az1",
            "cidr_block": "10.0.6.0/24",
            "id": "subnet-0170b6082ad771e43",
            "ipv6_cidr_block": "",
            "ipv6_cidr_block_association_id": "",
            "map_public_ip_on_launch": false,
            "outpost_arn": "",
            "owner_id": "123871167802",
            "tags": {
              "Name": "main-private-3"
            },
            "timeouts": null,
            "vpc_id": "vpc-001f98a28f16d14db"
          },
          "private": "eyJlMmJmYjczMC1lY2FhLTExZTYtOGY4OC0zNDM2M2JjN2M0YzAiOnsiY3JlYXRlIjo2MDAwMDAwMDAwMDAsImRlbGV0ZSI6MTIwMDAwMDAwMDAwMH0sInNjaGVtYV92ZXJzaW9uIjoiMSJ9",
          "dependencies": [
            "aws_vpc.GamingServerVPC"
          ]
        }
      ]
    },
    {
      "mode": "managed",
      "type": "aws_subnet",
      "name": "main-public-1",
      "provider": "provider.aws",
      "instances": [
        {
          "schema_version": 1,
          "attributes": {
            "arn": "arn:aws:ec2:us-west-2:123871167802:subnet/subnet-0c14c226d9ad99cd5",
            "assign_ipv6_address_on_creation": false,
            "availability_zone": "us-west-2b",
            "availability_zone_id": "usw2-az1",
            "cidr_block": "10.0.1.0/24",
            "id": "subnet-0c14c226d9ad99cd5",
            "ipv6_cidr_block": "",
            "ipv6_cidr_block_association_id": "",
            "map_public_ip_on_launch": true,
            "outpost_arn": "",
            "owner_id": "123871167802",
            "tags": {
              "Name": "main-public-1"
            },
            "timeouts": null,
            "vpc_id": "vpc-001f98a28f16d14db"
          },
          "private": "eyJlMmJmYjczMC1lY2FhLTExZTYtOGY4OC0zNDM2M2JjN2M0YzAiOnsiY3JlYXRlIjo2MDAwMDAwMDAwMDAsImRlbGV0ZSI6MTIwMDAwMDAwMDAwMH0sInNjaGVtYV92ZXJzaW9uIjoiMSJ9",
          "dependencies": [
            "aws_vpc.GamingServerVPC"
          ]
        }
      ]
    },
    {
      "mode": "managed",
      "type": "aws_subnet",
      "name": "main-public-2",
      "provider": "provider.aws",
      "instances": [
        {
          "schema_version": 1,
          "attributes": {
            "arn": "arn:aws:ec2:us-west-2:123871167802:subnet/subnet-041f3665ee6d338fd",
            "assign_ipv6_address_on_creation": false,
            "availability_zone": "us-west-2b",
            "availability_zone_id": "usw2-az1",
            "cidr_block": "10.0.2.0/24",
            "id": "subnet-041f3665ee6d338fd",
            "ipv6_cidr_block": "",
            "ipv6_cidr_block_association_id": "",
            "map_public_ip_on_launch": true,
            "outpost_arn": "",
            "owner_id": "123871167802",
            "tags": {
              "Name": "main-public-2"
            },
            "timeouts": null,
            "vpc_id": "vpc-001f98a28f16d14db"
          },
          "private": "eyJlMmJmYjczMC1lY2FhLTExZTYtOGY4OC0zNDM2M2JjN2M0YzAiOnsiY3JlYXRlIjo2MDAwMDAwMDAwMDAsImRlbGV0ZSI6MTIwMDAwMDAwMDAwMH0sInNjaGVtYV92ZXJzaW9uIjoiMSJ9",
          "dependencies": [
            "aws_vpc.GamingServerVPC"
          ]
        }
      ]
    },
    {
      "mode": "managed",
      "type": "aws_subnet",
      "name": "main-public-3",
      "provider": "provider.aws",
      "instances": [
        {
          "schema_version": 1,
          "attributes": {
            "arn": "arn:aws:ec2:us-west-2:123871167802:subnet/subnet-07d1fc30d4ed1ebd3",
            "assign_ipv6_address_on_creation": false,
            "availability_zone": "us-west-2b",
            "availability_zone_id": "usw2-az1",
            "cidr_block": "10.0.3.0/24",
            "id": "subnet-07d1fc30d4ed1ebd3",
            "ipv6_cidr_block": "",
            "ipv6_cidr_block_association_id": "",
            "map_public_ip_on_launch": true,
            "outpost_arn": "",
            "owner_id": "123871167802",
            "tags": {
              "Name": "main-public-3"
            },
            "timeouts": null,
            "vpc_id": "vpc-001f98a28f16d14db"
          },
          "private": "eyJlMmJmYjczMC1lY2FhLTExZTYtOGY4OC0zNDM2M2JjN2M0YzAiOnsiY3JlYXRlIjo2MDAwMDAwMDAwMDAsImRlbGV0ZSI6MTIwMDAwMDAwMDAwMH0sInNjaGVtYV92ZXJzaW9uIjoiMSJ9",
          "dependencies": [
            "aws_vpc.GamingServerVPC"
          ]
        }
      ]
    },
    {
      "mode": "managed",
      "type": "aws_vpc",
      "name": "GamingServerVPC",
      "provider": "provider.aws",
      "instances": [
        {
          "schema_version": 1,
          "attributes": {
            "arn": "arn:aws:ec2:us-west-2:123871167802:vpc/vpc-001f98a28f16d14db",
            "assign_generated_ipv6_cidr_block": false,
            "cidr_block": "10.0.0.0/16",
            "default_network_acl_id": "acl-06fb672a22f6e7ef4",
            "default_route_table_id": "rtb-0436760a56d253525",
            "default_security_group_id": "sg-05f5ad618d5f42b48",
            "dhcp_options_id": "dopt-70442608",
            "enable_classiclink": false,
            "enable_classiclink_dns_support": false,
            "enable_dns_hostnames": true,
            "enable_dns_support": true,
            "id": "vpc-001f98a28f16d14db",
            "instance_tenancy": "default",
            "ipv6_association_id": "",
            "ipv6_cidr_block": "",
            "main_route_table_id": "rtb-0436760a56d253525",
            "owner_id": "123871167802",
            "tags": {
              "Name": "GamingServerVPC"
            }
          },
          "private": "eyJzY2hlbWFfdmVyc2lvbiI6IjEifQ=="
        }
      ]
    }
  ]
}
